
Microsoft Visual Studio Solution File, Format Version 12.00
# Visual Studio Version 16
VisualStudioVersion = 16.0.30621.155
MinimumVisualStudioVersion = 10.0.40219.1
Project("{FAE04EC0-301F-11D3-BF4B-00C04F79EFBC}") = "HRMSApi", "HRMSApi\HRMSApi.csproj", "{86281318-F50F-4E72-B6E9-F4815F8C259B}"
EndProject
Global
	GlobalSection(SolutionConfigurationPlatforms) = preSolution
		Debug|Any CPU = Debug|Any CPU
		Release|Any CPU = Release|Any CPU
	EndGlobalSection
	GlobalSection(ProjectConfigurationPlatforms) = postSolution
		{86281318-F50F-4E72-B6E9-F4815F8C259B}.Debug|Any CPU.ActiveCfg = Debug|Any CPU
		{86281318-F50F-4E72-B6E9-F4815F8C259B}.Debug|Any CPU.Build.0 = Debug|Any CPU
		{86281318-F50F-4E72-B6E9-F4815F8C259B}.Release|Any CPU.ActiveCfg = Release|Any CPU
		{86281318-F50F-4E72-B6E9-F4815F8C259B}.Release|Any CPU.Build.0 = Release|Any CPU
	EndGlobalSection
	GlobalSection(SolutionProperties) = preSolution
		HideSolutionNode = FALSE
	EndGlobalSection
	GlobalSection(ExtensibilityGlobals) = postSolution
		SolutionGuid = {A80DFD8D-3408-42F4-8033-D3A16FD0CD4A}
	EndGlobalSection
EndGlobal
